
Microsoft Visual Studio Solution File, Format Version 12.00
# RemObjects Fire
Project("{656346D9-4656-40DA-A068-22D5425D4639}") = "Moshine.Api.Weather", "Moshine.Api.Weather.elements", "{149E31AF-CF12-41B0-AC2C-FF0C5363F877}"
EndProject
Project("{656346D9-4656-40DA-A068-22D5425D4639}") = "libMoshine.Api.Weather", "libMoshine.Api.Weather.elements", "{D2C1B34F-99CB-4197-A449-A2C526B0D707}"
EndProject
Global
	GlobalSection(SolutionConfigurationPlatforms) = preSolution
		Debug|AnyCPU = Debug|AnyCPU
		Release|AnyCPU = Release|AnyCPU
	EndGlobalSection
	GlobalSection(ProjectConfigurationPlatforms) = postSolution
		{149E31AF-CF12-41B0-AC2C-FF0C5363F877}.Debug|AnyCPU.ActiveCfg = Debug|AnyCPU
		{149E31AF-CF12-41B0-AC2C-FF0C5363F877}.Debug|AnyCPU.Build.0 = Debug|AnyCPU
		{149E31AF-CF12-41B0-AC2C-FF0C5363F877}.Release|AnyCPU.ActiveCfg = Release|AnyCPU
		{149E31AF-CF12-41B0-AC2C-FF0C5363F877}.Release|AnyCPU.Build.0 = Release|AnyCPU
		{D2C1B34F-99CB-4197-A449-A2C526B0D707}.Debug|AnyCPU.ActiveCfg = Debug|AnyCPU
		{D2C1B34F-99CB-4197-A449-A2C526B0D707}.Debug|AnyCPU.Build.0 = Debug|AnyCPU
		{D2C1B34F-99CB-4197-A449-A2C526B0D707}.Release|AnyCPU.ActiveCfg = Release|AnyCPU
		{D2C1B34F-99CB-4197-A449-A2C526B0D707}.Release|AnyCPU.Build.0 = Release|AnyCPU
	EndGlobalSection
	GlobalSection(SolutionProperties) = preSolution
		HideSolutionNode = FALSE
	EndGlobalSection
EndGlobal